
Microsoft Visual Studio Solution File, Format Version 12.00
# Visual Studio Version 17
VisualStudioVersion = 17.10.35013.160
MinimumVisualStudioVersion = 10.0.40219.1
Project("{FAE04EC0-301F-11D3-BF4B-00C04F79EFBC}") = "zoo_backend_vs", "zoo_backend_vs\zoo_backend_vs.csproj", "{2C5A1C6B-2B9E-499D-92B0-C5FD5E857D76}"
EndProject
Global
	GlobalSection(SolutionConfigurationPlatforms) = preSolution
		Debug|Any CPU = Debug|Any CPU
		Release|Any CPU = Release|Any CPU
	EndGlobalSection
	GlobalSection(ProjectConfigurationPlatforms) = postSolution
		{2C5A1C6B-2B9E-499D-92B0-C5FD5E857D76}.Debug|Any CPU.ActiveCfg = Debug|Any CPU
		{2C5A1C6B-2B9E-499D-92B0-C5FD5E857D76}.Debug|Any CPU.Build.0 = Debug|Any CPU
		{2C5A1C6B-2B9E-499D-92B0-C5FD5E857D76}.Release|Any CPU.ActiveCfg = Release|Any CPU
		{2C5A1C6B-2B9E-499D-92B0-C5FD5E857D76}.Release|Any CPU.Build.0 = Release|Any CPU
	EndGlobalSection
	GlobalSection(SolutionProperties) = preSolution
		HideSolutionNode = FALSE
	EndGlobalSection
	GlobalSection(ExtensibilityGlobals) = postSolution
		SolutionGuid = {5D498C96-F3B6-46AF-89D4-A0D269FD80B6}
	EndGlobalSection
EndGlobal
